
Microsoft Visual Studio Solution File, Format Version 12.00
# Visual Studio Version 17
VisualStudioVersion = 17.11.35208.52
MinimumVisualStudioVersion = 10.0.40219.1
Project("{9A19103F-16F7-4668-BE54-9A1E7A4F7556}") = "glTFast", "projects\glTFast.csproj", "{24B8F532-836C-4254-82BC-F1C9CBE4FE7D}"
EndProject
Project("{2150E333-8FDC-42A3-9474-1A3956D46DE8}") = "Solution Items", "Solution Items", "{3C13B41E-C5A1-473F-943C-8DDB8D83672B}"
	ProjectSection(SolutionItems) = preProject
		Directory.Build.props = Directory.Build.props
	EndProjectSection
EndProject
Project("{9A19103F-16F7-4668-BE54-9A1E7A4F7556}") = "TestMod", "TestMod\TestMod.csproj", "{D1B685A7-EA55-4F75-9901-FFEA83360172}"
EndProject
Global
	GlobalSection(SolutionConfigurationPlatforms) = preSolution
		Debug|Any CPU = Debug|Any CPU
		Release|Any CPU = Release|Any CPU
	EndGlobalSection
	GlobalSection(ProjectConfigurationPlatforms) = postSolution
		{24B8F532-836C-4254-82BC-F1C9CBE4FE7D}.Debug|Any CPU.ActiveCfg = Debug|Any CPU
		{24B8F532-836C-4254-82BC-F1C9CBE4FE7D}.Debug|Any CPU.Build.0 = Debug|Any CPU
		{24B8F532-836C-4254-82BC-F1C9CBE4FE7D}.Release|Any CPU.ActiveCfg = Release|Any CPU
		{24B8F532-836C-4254-82BC-F1C9CBE4FE7D}.Release|Any CPU.Build.0 = Release|Any CPU
		{D1B685A7-EA55-4F75-9901-FFEA83360172}.Debug|Any CPU.ActiveCfg = Debug|Any CPU
		{D1B685A7-EA55-4F75-9901-FFEA83360172}.Debug|Any CPU.Build.0 = Debug|Any CPU
		{D1B685A7-EA55-4F75-9901-FFEA83360172}.Release|Any CPU.ActiveCfg = Release|Any CPU
		{D1B685A7-EA55-4F75-9901-FFEA83360172}.Release|Any CPU.Build.0 = Release|Any CPU
	EndGlobalSection
	GlobalSection(SolutionProperties) = preSolution
		HideSolutionNode = FALSE
	EndGlobalSection
	GlobalSection(ExtensibilityGlobals) = postSolution
		SolutionGuid = {9DB3E3DB-1F7F-46A7-9BF9-1E28B35D3F9E}
	EndGlobalSection
EndGlobal
